# Generated by pub
# See https://www.dartlang.org/tools/pub/glossary#lockfile
packages:
  args:
    dependency: "direct main"
    description:
      name: args
      url: "https://pub.dev"
    source: hosted
    version: "1.5.1"
  lpinyin:
    dependency: "direct main"
    description:
      name: lpinyin
      url: "https://pub.dev"
    source: hosted
    version: "1.0.7"
sdks:
  dart: ">=2.2.0 <3.0.0"
